<?xml version="1.0" encoding="utf-8"?>
<Project ToolsVersion="4.0" xmlns="http://schemas.microsoft.com/developer/msbuild/2003">
  <ItemGroup>
    <Filter Include="Source Files">
      <UniqueIdentifier>{4FC737F1-C7A5-4376-A066-2A32D752A2FF}</UniqueIdentifier>
      <Extensions>cpp;c;cc;cxx;def;odl;idl;hpj;bat;asm;asmx</Extensions>
    </Filter>
    <Filter Include="Header Files">
      <UniqueIdentifier>{93995380-89BD-4b04-88EB-625FBE52EBFB}</UniqueIdentifier>
      <Extensions>h;hpp;hxx;hm;inl;inc;xsd</Extensions>
    </Filter>
    <Filter Include="Resource Files">
      <UniqueIdentifier>{67DA6AB6-F800-4c08-8B7A-83BB121AAD01}</UniqueIdentifier>
      <Extensions>rc;ico;cur;bmp;dlg;rc2;rct;bin;rgs;gif;jpg;jpeg;jpe;resx;tiff;tif;png;wav</Extensions>
    </Filter>
    <Filter Include="Source Files\Canvas">
      <UniqueIdentifier>{e3da2c94-fd43-444a-a6bb-88d126d1982b}</UniqueIdentifier>
    </Filter>
    <Filter Include="Source Files\AssetManager">
      <UniqueIdentifier>{a8ee2c06-46d8-4edc-b0b5-51396736d61c}</UniqueIdentifier>
    </Filter>
    <Filter Include="Source Files\JavaScript">
      <UniqueIdentifier>{9f659a08-da62-4d83-8d05-def34a3bb844}</UniqueIdentifier>
    </Filter>
    <Filter Include="Source Files\Utils">
      <UniqueIdentifier>{54fd8694-5450-4bcf-85c3-b73b1cdfeb1c}</UniqueIdentifier>
    </Filter>
    <Filter Include="Source Files\Tests">
      <UniqueIdentifier>{fa17a30a-315e-4115-9e01-7c9d2c230299}</UniqueIdentifier>
    </Filter>
  </ItemGroup>
  <ItemGroup>
    <ClCompile Include="..\src\CinderCanvasApp.cpp">
      <Filter>Source Files</Filter>
    </ClCompile>
    <ClCompile Include="..\src\CinderCanvasApp.cpp">
      <Filter>Source Files</Filter>
    </ClCompile>
    <ClCompile Include="..\src\AppViewController.cpp">
      <Filter>Source Files</Filter>
    </ClCompile>
    <ClCompile Include="..\src\BindingImage.cpp">
      <Filter>Source Files</Filter>
    </ClCompile>
    <ClCompile Include="..\src\Image.cpp">
      <Filter>Source Files</Filter>
    </ClCompile>
    <ClCompile Include="..\src\JavaScriptView.cpp">
      <Filter>Source Files</Filter>
    </ClCompile>
    <ClCompile Include="..\src\Canvas\BindingCanvas.cpp">
      <Filter>Source Files\Canvas</Filter>
    </ClCompile>
    <ClCompile Include="..\src\Canvas\BindingCanvasContext.cpp">
      <Filter>Source Files\Canvas</Filter>
    </ClCompile>
    <ClCompile Include="..\src\Canvas\BindingCanvasStyle.cpp">
      <Filter>Source Files\Canvas</Filter>
    </ClCompile>
    <ClCompile Include="..\src\Canvas\CanvasContext.cpp">
      <Filter>Source Files\Canvas</Filter>
    </ClCompile>
    <ClCompile Include="..\src\AssetManager\AssetManager.cpp">
      <Filter>Source Files\AssetManager</Filter>
    </ClCompile>
    <ClCompile Include="..\src\JavaScript\duktape.c">
      <Filter>Source Files\JavaScript</Filter>
    </ClCompile>
    <ClCompile Include="..\src\JavaScript\JavaScript.cpp">
      <Filter>Source Files\JavaScript</Filter>
    </ClCompile>
  </ItemGroup>
  <ItemGroup>
    <ClInclude Include="..\include\Resources.h">
      <Filter>Header Files</Filter>
    </ClInclude>
    <ClInclude Include="..\src\AppViewController.h">
      <Filter>Source Files</Filter>
    </ClInclude>
    <ClInclude Include="..\src\BindingImage.h">
      <Filter>Source Files</Filter>
    </ClInclude>
    <ClInclude Include="..\src\Global.h">
      <Filter>Source Files</Filter>
    </ClInclude>
    <ClInclude Include="..\src\Image.h">
      <Filter>Source Files</Filter>
    </ClInclude>
    <ClInclude Include="..\src\JavaScriptView.h">
      <Filter>Source Files</Filter>
    </ClInclude>
    <ClInclude Include="..\src\Renderable.h">
      <Filter>Source Files</Filter>
    </ClInclude>
    <ClInclude Include="..\src\Canvas\BindingCanvas.h">
      <Filter>Source Files\Canvas</Filter>
    </ClInclude>
    <ClInclude Include="..\src\Canvas\BindingCanvasContext.h">
      <Filter>Source Files\Canvas</Filter>
    </ClInclude>
    <ClInclude Include="..\src\Canvas\BindingCanvasStyle.h">
      <Filter>Source Files\Canvas</Filter>
    </ClInclude>
    <ClInclude Include="..\src\Canvas\CanvasContext.h">
      <Filter>Source Files\Canvas</Filter>
    </ClInclude>
    <ClInclude Include="..\src\AssetManager\AssetManager.h">
      <Filter>Source Files\AssetManager</Filter>
    </ClInclude>
    <ClInclude Include="..\src\JavaScript\duktape.h">
      <Filter>Source Files\JavaScript</Filter>
    </ClInclude>
    <ClInclude Include="..\src\JavaScript\JavaScript.h">
      <Filter>Source Files\JavaScript</Filter>
    </ClInclude>
    <ClInclude Include="..\src\Tests\AsyncImageLoader.h">
      <Filter>Source Files\Tests</Filter>
    </ClInclude>
    <ClInclude Include="..\src\Tests\BasicClock.h">
      <Filter>Source Files\Tests</Filter>
    </ClInclude>
    <ClInclude Include="..\src\Tests\ColorUtil.h">
      <Filter>Source Files\Tests</Filter>
    </ClInclude>
    <ClInclude Include="..\src\Tests\LoadImage.h">
      <Filter>Source Files\Tests</Filter>
    </ClInclude>
    <ClInclude Include="..\include\Resources.h">
      <Filter>Header Files</Filter>
    </ClInclude>
  </ItemGroup>
  <ItemGroup>
    <ResourceCompile Include="Resources.rc">
      <Filter>Resource Files</Filter>
    </ResourceCompile>
  </ItemGroup>
</Project>