// !$*UTF8*$!
{
	archiveVersion = 1;
	classes = {
	};
	objectVersion = 46;
	objects = {

/* Begin PBXBuildFile section */
		0091D8F90E81B9330029341E /* OpenGL.framework in Frameworks */ = {isa = PBXBuildFile; fileRef = 0091D8F80E81B9330029341E /* OpenGL.framework */; };
		00B784B30FF439BC000DE1D7 /* Accelerate.framework in Frameworks */ = {isa = PBXBuildFile; fileRef = 00B784AF0FF439BC000DE1D7 /* Accelerate.framework */; };
		00B784B40FF439BC000DE1D7 /* AudioToolbox.framework in Frameworks */ = {isa = PBXBuildFile; fileRef = 00B784B00FF439BC000DE1D7 /* AudioToolbox.framework */; };
		00B784B50FF439BC000DE1D7 /* AudioUnit.framework in Frameworks */ = {isa = PBXBuildFile; fileRef = 00B784B10FF439BC000DE1D7 /* AudioUnit.framework */; };
		00B784B60FF439BC000DE1D7 /* CoreAudio.framework in Frameworks */ = {isa = PBXBuildFile; fileRef = 00B784B20FF439BC000DE1D7 /* CoreAudio.framework */; };
		141F1C291A26AC6F00B34F42 /* Color.cpp in Sources */ = {isa = PBXBuildFile; fileRef = 141F1C281A26AC6F00B34F42 /* Color.cpp */; };
		14390A4B1A0EF67600A8008D /* AppViewController.cpp in Sources */ = {isa = PBXBuildFile; fileRef = 14390A491A0EF67600A8008D /* AppViewController.cpp */; };
		14390A4E1A0EF6AF00A8008D /* JavaScriptView.cpp in Sources */ = {isa = PBXBuildFile; fileRef = 14390A4C1A0EF6AF00A8008D /* JavaScriptView.cpp */; };
		14390A601A0F081800A8008D /* duktape.c in Sources */ = {isa = PBXBuildFile; fileRef = 14390A5C1A0F081800A8008D /* duktape.c */; };
		14390A611A0F081800A8008D /* JavaScript.cpp in Sources */ = {isa = PBXBuildFile; fileRef = 14390A5E1A0F081800A8008D /* JavaScript.cpp */; };
		148428201A1778CD003180D5 /* AssetManager.cpp in Sources */ = {isa = PBXBuildFile; fileRef = 1484281E1A1778CD003180D5 /* AssetManager.cpp */; };
		148428261A178B04003180D5 /* BindingCanvasContext.cpp in Sources */ = {isa = PBXBuildFile; fileRef = 148428241A178B04003180D5 /* BindingCanvasContext.cpp */; };
		1484282B1A186340003180D5 /* Image.cpp in Sources */ = {isa = PBXBuildFile; fileRef = 148428291A186340003180D5 /* Image.cpp */; };
		148428301A187644003180D5 /* OperationQueue.cpp in Sources */ = {isa = PBXBuildFile; fileRef = 1484282E1A187644003180D5 /* OperationQueue.cpp */; };
		148428331A187C8A003180D5 /* BindingImage.cpp in Sources */ = {isa = PBXBuildFile; fileRef = 148428311A187C8A003180D5 /* BindingImage.cpp */; };
		148428371A199AD5003180D5 /* BindingCanvas.cpp in Sources */ = {isa = PBXBuildFile; fileRef = 148428351A199AD5003180D5 /* BindingCanvas.cpp */; };
		1484283A1A199C6E003180D5 /* BindingCanvasStyle.cpp in Sources */ = {isa = PBXBuildFile; fileRef = 148428381A199C6E003180D5 /* BindingCanvasStyle.cpp */; };
		14B2CD431A11C0A800778064 /* CanvasContext.cpp in Sources */ = {isa = PBXBuildFile; fileRef = 14B2CD411A11C0A800778064 /* CanvasContext.cpp */; };
		14B703771A1C52A600A2C9C8 /* assets in Resources */ = {isa = PBXBuildFile; fileRef = 14B703761A1C52A600A2C9C8 /* assets */; };
		5323E6B20EAFCA74003A9687 /* CoreVideo.framework in Frameworks */ = {isa = PBXBuildFile; fileRef = 5323E6B10EAFCA74003A9687 /* CoreVideo.framework */; };
		5323E6B60EAFCA7E003A9687 /* QTKit.framework in Frameworks */ = {isa = PBXBuildFile; fileRef = 5323E6B50EAFCA7E003A9687 /* QTKit.framework */; };
		8D11072F0486CEB800E47090 /* Cocoa.framework in Frameworks */ = {isa = PBXBuildFile; fileRef = 1058C7A1FEA54F0111CA2CBB /* Cocoa.framework */; };
		AF3C680FFEC842D2BDA578DC /* CinderApp.icns in Resources */ = {isa = PBXBuildFile; fileRef = D3DF879870F349C2A32E127F /* CinderApp.icns */; };
		C55B6F466378486C820D8FAA /* CinderCanvasApp.cpp in Sources */ = {isa = PBXBuildFile; fileRef = 20516ADA7B5C43A5B05F9D44 /* CinderCanvasApp.cpp */; };
/* End PBXBuildFile section */

/* Begin PBXFileReference section */
		0091D8F80E81B9330029341E /* OpenGL.framework */ = {isa = PBXFileReference; lastKnownFileType = wrapper.framework; name = OpenGL.framework; path = /System/Library/Frameworks/OpenGL.framework; sourceTree = "<absolute>"; };
		00B784AF0FF439BC000DE1D7 /* Accelerate.framework */ = {isa = PBXFileReference; lastKnownFileType = wrapper.framework; name = Accelerate.framework; path = System/Library/Frameworks/Accelerate.framework; sourceTree = SDKROOT; };
		00B784B00FF439BC000DE1D7 /* AudioToolbox.framework */ = {isa = PBXFileReference; lastKnownFileType = wrapper.framework; name = AudioToolbox.framework; path = System/Library/Frameworks/AudioToolbox.framework; sourceTree = SDKROOT; };
		00B784B10FF439BC000DE1D7 /* AudioUnit.framework */ = {isa = PBXFileReference; lastKnownFileType = wrapper.framework; name = AudioUnit.framework; path = System/Library/Frameworks/AudioUnit.framework; sourceTree = SDKROOT; };
		00B784B20FF439BC000DE1D7 /* CoreAudio.framework */ = {isa = PBXFileReference; lastKnownFileType = wrapper.framework; name = CoreAudio.framework; path = System/Library/Frameworks/CoreAudio.framework; sourceTree = SDKROOT; };
		0E7778188AC649DC99906A3C /* Info.plist */ = {isa = PBXFileReference; lastKnownFileType = text.plist.xml; path = Info.plist; sourceTree = "<group>"; };
		1058C7A1FEA54F0111CA2CBB /* Cocoa.framework */ = {isa = PBXFileReference; lastKnownFileType = wrapper.framework; name = Cocoa.framework; path = /System/Library/Frameworks/Cocoa.framework; sourceTree = "<absolute>"; };
		140C92B51A16E62600A65D4F /* BasicClock.h */ = {isa = PBXFileReference; lastKnownFileType = sourcecode.c.h; path = BasicClock.h; sourceTree = "<group>"; };
		141F1C271A26A8B300B34F42 /* Color.h */ = {isa = PBXFileReference; lastKnownFileType = sourcecode.c.h; path = Color.h; sourceTree = "<group>"; };
		141F1C281A26AC6F00B34F42 /* Color.cpp */ = {isa = PBXFileReference; fileEncoding = 4; lastKnownFileType = sourcecode.cpp.cpp; path = Color.cpp; sourceTree = "<group>"; };
		14390A491A0EF67600A8008D /* AppViewController.cpp */ = {isa = PBXFileReference; fileEncoding = 4; lastKnownFileType = sourcecode.cpp.cpp; name = AppViewController.cpp; path = ../src/AppViewController.cpp; sourceTree = "<group>"; };
		14390A4A1A0EF67600A8008D /* AppViewController.h */ = {isa = PBXFileReference; fileEncoding = 4; lastKnownFileType = sourcecode.c.h; name = AppViewController.h; path = ../src/AppViewController.h; sourceTree = "<group>"; };
		14390A4C1A0EF6AF00A8008D /* JavaScriptView.cpp */ = {isa = PBXFileReference; fileEncoding = 4; lastKnownFileType = sourcecode.cpp.cpp; name = JavaScriptView.cpp; path = ../src/JavaScriptView.cpp; sourceTree = "<group>"; };
		14390A4D1A0EF6AF00A8008D /* JavaScriptView.h */ = {isa = PBXFileReference; fileEncoding = 4; lastKnownFileType = sourcecode.c.h; name = JavaScriptView.h; path = ../src/JavaScriptView.h; sourceTree = "<group>"; };
		14390A551A0EF74A00A8008D /* Global.h */ = {isa = PBXFileReference; lastKnownFileType = sourcecode.c.h; name = Global.h; path = ../src/Global.h; sourceTree = "<group>"; };
		14390A5C1A0F081800A8008D /* duktape.c */ = {isa = PBXFileReference; fileEncoding = 4; lastKnownFileType = sourcecode.c.c; path = duktape.c; sourceTree = "<group>"; };
		14390A5D1A0F081800A8008D /* duktape.h */ = {isa = PBXFileReference; fileEncoding = 4; lastKnownFileType = sourcecode.c.h; path = duktape.h; sourceTree = "<group>"; };
		14390A5E1A0F081800A8008D /* JavaScript.cpp */ = {isa = PBXFileReference; fileEncoding = 4; lastKnownFileType = sourcecode.cpp.cpp; path = JavaScript.cpp; sourceTree = "<group>"; };
		14390A5F1A0F081800A8008D /* JavaScript.h */ = {isa = PBXFileReference; fileEncoding = 4; lastKnownFileType = sourcecode.c.h; path = JavaScript.h; sourceTree = "<group>"; };
		1484281E1A1778CD003180D5 /* AssetManager.cpp */ = {isa = PBXFileReference; fileEncoding = 4; lastKnownFileType = sourcecode.cpp.cpp; path = AssetManager.cpp; sourceTree = "<group>"; };
		1484281F1A1778CD003180D5 /* AssetManager.h */ = {isa = PBXFileReference; fileEncoding = 4; lastKnownFileType = sourcecode.c.h; path = AssetManager.h; sourceTree = "<group>"; };
		148428211A177906003180D5 /* AsyncImageLoader.h */ = {isa = PBXFileReference; lastKnownFileType = sourcecode.c.h; path = AsyncImageLoader.h; sourceTree = "<group>"; };
		148428241A178B04003180D5 /* BindingCanvasContext.cpp */ = {isa = PBXFileReference; fileEncoding = 4; lastKnownFileType = sourcecode.cpp.cpp; name = BindingCanvasContext.cpp; path = ../src/Canvas/BindingCanvasContext.cpp; sourceTree = "<group>"; };
		148428251A178B04003180D5 /* BindingCanvasContext.h */ = {isa = PBXFileReference; fileEncoding = 4; lastKnownFileType = sourcecode.c.h; name = BindingCanvasContext.h; path = ../src/Canvas/BindingCanvasContext.h; sourceTree = "<group>"; };
		148428281A184B30003180D5 /* ColorUtil.h */ = {isa = PBXFileReference; lastKnownFileType = sourcecode.c.h; path = ColorUtil.h; sourceTree = "<group>"; };
		148428291A186340003180D5 /* Image.cpp */ = {isa = PBXFileReference; fileEncoding = 4; lastKnownFileType = sourcecode.cpp.cpp; name = Image.cpp; path = ../src/Image.cpp; sourceTree = "<group>"; };
		1484282A1A186340003180D5 /* Image.h */ = {isa = PBXFileReference; fileEncoding = 4; lastKnownFileType = sourcecode.c.h; name = Image.h; path = ../src/Image.h; sourceTree = "<group>"; };
		1484282C1A186A06003180D5 /* LoadImage.h */ = {isa = PBXFileReference; lastKnownFileType = sourcecode.c.h; path = LoadImage.h; sourceTree = "<group>"; };
		1484282E1A187644003180D5 /* OperationQueue.cpp */ = {isa = PBXFileReference; fileEncoding = 4; lastKnownFileType = sourcecode.cpp.cpp; path = OperationQueue.cpp; sourceTree = "<group>"; };
		1484282F1A187644003180D5 /* OperationQueue.h */ = {isa = PBXFileReference; fileEncoding = 4; lastKnownFileType = sourcecode.c.h; path = OperationQueue.h; sourceTree = "<group>"; };
		148428311A187C8A003180D5 /* BindingImage.cpp */ = {isa = PBXFileReference; fileEncoding = 4; lastKnownFileType = sourcecode.cpp.cpp; name = BindingImage.cpp; path = ../src/BindingImage.cpp; sourceTree = "<group>"; };
		148428321A187C8A003180D5 /* BindingImage.h */ = {isa = PBXFileReference; fileEncoding = 4; lastKnownFileType = sourcecode.c.h; name = BindingImage.h; path = ../src/BindingImage.h; sourceTree = "<group>"; };
		148428341A18C8D5003180D5 /* Renderable.h */ = {isa = PBXFileReference; lastKnownFileType = sourcecode.c.h; name = Renderable.h; path = ../src/Renderable.h; sourceTree = "<group>"; };
		148428351A199AD5003180D5 /* BindingCanvas.cpp */ = {isa = PBXFileReference; fileEncoding = 4; lastKnownFileType = sourcecode.cpp.cpp; name = BindingCanvas.cpp; path = ../src/Canvas/BindingCanvas.cpp; sourceTree = "<group>"; };
		148428361A199AD5003180D5 /* BindingCanvas.h */ = {isa = PBXFileReference; fileEncoding = 4; lastKnownFileType = sourcecode.c.h; name = BindingCanvas.h; path = ../src/Canvas/BindingCanvas.h; sourceTree = "<group>"; };
		148428381A199C6E003180D5 /* BindingCanvasStyle.cpp */ = {isa = PBXFileReference; fileEncoding = 4; lastKnownFileType = sourcecode.cpp.cpp; name = BindingCanvasStyle.cpp; path = ../src/Canvas/BindingCanvasStyle.cpp; sourceTree = "<group>"; };
		148428391A199C6E003180D5 /* BindingCanvasStyle.h */ = {isa = PBXFileReference; fileEncoding = 4; lastKnownFileType = sourcecode.c.h; name = BindingCanvasStyle.h; path = ../src/Canvas/BindingCanvasStyle.h; sourceTree = "<group>"; };
		14B2CD411A11C0A800778064 /* CanvasContext.cpp */ = {isa = PBXFileReference; fileEncoding = 4; lastKnownFileType = sourcecode.cpp.cpp; name = CanvasContext.cpp; path = ../src/Canvas/CanvasContext.cpp; sourceTree = "<group>"; };
		14B2CD421A11C0A800778064 /* CanvasContext.h */ = {isa = PBXFileReference; fileEncoding = 4; lastKnownFileType = sourcecode.c.h; name = CanvasContext.h; path = ../src/Canvas/CanvasContext.h; sourceTree = "<group>"; };
		14B703761A1C52A600A2C9C8 /* assets */ = {isa = PBXFileReference; lastKnownFileType = folder; name = assets; path = ../assets; sourceTree = "<group>"; };
		14CC11C11A2BF0DF007CDF59 /* KeyMap.h */ = {isa = PBXFileReference; lastKnownFileType = sourcecode.c.h; name = KeyMap.h; path = ../src/KeyMap.h; sourceTree = "<group>"; };
		14FC6ED51A1E0D3A004B21FF /* UtilFunctions.h */ = {isa = PBXFileReference; lastKnownFileType = sourcecode.c.h; path = UtilFunctions.h; sourceTree = "<group>"; };
		20516ADA7B5C43A5B05F9D44 /* CinderCanvasApp.cpp */ = {isa = PBXFileReference; lastKnownFileType = sourcecode.c.cpp; name = CinderCanvasApp.cpp; path = ../src/CinderCanvasApp.cpp; sourceTree = "<group>"; };
		29B97324FDCFA39411CA2CEA /* AppKit.framework */ = {isa = PBXFileReference; lastKnownFileType = wrapper.framework; name = AppKit.framework; path = /System/Library/Frameworks/AppKit.framework; sourceTree = "<absolute>"; };
		29B97325FDCFA39411CA2CEA /* Foundation.framework */ = {isa = PBXFileReference; lastKnownFileType = wrapper.framework; name = Foundation.framework; path = /System/Library/Frameworks/Foundation.framework; sourceTree = "<absolute>"; };
		5323E6B10EAFCA74003A9687 /* CoreVideo.framework */ = {isa = PBXFileReference; lastKnownFileType = wrapper.framework; name = CoreVideo.framework; path = /System/Library/Frameworks/CoreVideo.framework; sourceTree = "<absolute>"; };
		5323E6B50EAFCA7E003A9687 /* QTKit.framework */ = {isa = PBXFileReference; lastKnownFileType = wrapper.framework; name = QTKit.framework; path = /System/Library/Frameworks/QTKit.framework; sourceTree = "<absolute>"; };
		83C84EFE62E144D498F8BCF0 /* Mural_Prefix.pch */ = {isa = PBXFileReference; lastKnownFileType = sourcecode.c.h; path = Mural_Prefix.pch; sourceTree = "<group>"; };
		8D1107320486CEB800E47090 /* Mural.app */ = {isa = PBXFileReference; explicitFileType = wrapper.application; includeInIndex = 0; path = Mural.app; sourceTree = BUILT_PRODUCTS_DIR; };
		D3DF879870F349C2A32E127F /* CinderApp.icns */ = {isa = PBXFileReference; lastKnownFileType = image.icns; name = CinderApp.icns; path = ../resources/CinderApp.icns; sourceTree = "<group>"; };
		F949B68983BA463990A32D28 /* Resources.h */ = {isa = PBXFileReference; lastKnownFileType = sourcecode.c.h; name = Resources.h; path = ../include/Resources.h; sourceTree = "<group>"; };
/* End PBXFileReference section */

/* Begin PBXFrameworksBuildPhase section */
		8D11072E0486CEB800E47090 /* Frameworks */ = {
			isa = PBXFrameworksBuildPhase;
			buildActionMask = 2147483647;
			files = (
				8D11072F0486CEB800E47090 /* Cocoa.framework in Frameworks */,
				0091D8F90E81B9330029341E /* OpenGL.framework in Frameworks */,
				5323E6B20EAFCA74003A9687 /* CoreVideo.framework in Frameworks */,
				5323E6B60EAFCA7E003A9687 /* QTKit.framework in Frameworks */,
				00B784B30FF439BC000DE1D7 /* Accelerate.framework in Frameworks */,
				00B784B40FF439BC000DE1D7 /* AudioToolbox.framework in Frameworks */,
				00B784B50FF439BC000DE1D7 /* AudioUnit.framework in Frameworks */,
				00B784B60FF439BC000DE1D7 /* CoreAudio.framework in Frameworks */,
			);
			runOnlyForDeploymentPostprocessing = 0;
		};
/* End PBXFrameworksBuildPhase section */

/* Begin PBXGroup section */
		01B97315FEAEA392516A2CEA /* Blocks */ = {
			isa = PBXGroup;
			children = (
			);
			name = Blocks;
			sourceTree = "<group>";
		};
		080E96DDFE201D6D7F000001 /* Source */ = {
			isa = PBXGroup;
			children = (
				140C92B41A16E5F400A65D4F /* Tests */,
				1484281D1A1778CD003180D5 /* AssetManager */,
				14390A5B1A0F081800A8008D /* JavaScript */,
				148428271A178B0E003180D5 /* Canvas */,
				1484282D1A187630003180D5 /* Utils */,
				20516ADA7B5C43A5B05F9D44 /* CinderCanvasApp.cpp */,
				14390A491A0EF67600A8008D /* AppViewController.cpp */,
				14390A4A1A0EF67600A8008D /* AppViewController.h */,
				14390A4C1A0EF6AF00A8008D /* JavaScriptView.cpp */,
				14390A4D1A0EF6AF00A8008D /* JavaScriptView.h */,
				14390A551A0EF74A00A8008D /* Global.h */,
				148428291A186340003180D5 /* Image.cpp */,
				1484282A1A186340003180D5 /* Image.h */,
				14CC11C11A2BF0DF007CDF59 /* KeyMap.h */,
				148428311A187C8A003180D5 /* BindingImage.cpp */,
				148428321A187C8A003180D5 /* BindingImage.h */,
				148428341A18C8D5003180D5 /* Renderable.h */,
			);
			name = Source;
			sourceTree = "<group>";
		};
		1058C7A0FEA54F0111CA2CBB /* Linked Frameworks */ = {
			isa = PBXGroup;
			children = (
				00B784AF0FF439BC000DE1D7 /* Accelerate.framework */,
				00B784B00FF439BC000DE1D7 /* AudioToolbox.framework */,
				00B784B10FF439BC000DE1D7 /* AudioUnit.framework */,
				00B784B20FF439BC000DE1D7 /* CoreAudio.framework */,
				5323E6B50EAFCA7E003A9687 /* QTKit.framework */,
				5323E6B10EAFCA74003A9687 /* CoreVideo.framework */,
				0091D8F80E81B9330029341E /* OpenGL.framework */,
				1058C7A1FEA54F0111CA2CBB /* Cocoa.framework */,
			);
			name = "Linked Frameworks";
			sourceTree = "<group>";
		};
		1058C7A2FEA54F0111CA2CBB /* Other Frameworks */ = {
			isa = PBXGroup;
			children = (
				29B97324FDCFA39411CA2CEA /* AppKit.framework */,
				29B97325FDCFA39411CA2CEA /* Foundation.framework */,
			);
			name = "Other Frameworks";
			sourceTree = "<group>";
		};
		140C92B41A16E5F400A65D4F /* Tests */ = {
			isa = PBXGroup;
			children = (
				140C92B51A16E62600A65D4F /* BasicClock.h */,
				148428211A177906003180D5 /* AsyncImageLoader.h */,
				148428281A184B30003180D5 /* ColorUtil.h */,
				1484282C1A186A06003180D5 /* LoadImage.h */,
			);
			name = Tests;
			path = ../src/Tests;
			sourceTree = "<group>";
		};
		14390A5B1A0F081800A8008D /* JavaScript */ = {
			isa = PBXGroup;
			children = (
				14390A5C1A0F081800A8008D /* duktape.c */,
				14390A5D1A0F081800A8008D /* duktape.h */,
				14390A5E1A0F081800A8008D /* JavaScript.cpp */,
				14390A5F1A0F081800A8008D /* JavaScript.h */,
			);
			name = JavaScript;
			path = ../src/JavaScript;
			sourceTree = "<group>";
		};
		1484281D1A1778CD003180D5 /* AssetManager */ = {
			isa = PBXGroup;
			children = (
				1484281E1A1778CD003180D5 /* AssetManager.cpp */,
				1484281F1A1778CD003180D5 /* AssetManager.h */,
			);
			name = AssetManager;
			path = ../src/AssetManager;
			sourceTree = "<group>";
		};
		148428271A178B0E003180D5 /* Canvas */ = {
			isa = PBXGroup;
			children = (
				14B2CD411A11C0A800778064 /* CanvasContext.cpp */,
				14B2CD421A11C0A800778064 /* CanvasContext.h */,
				148428241A178B04003180D5 /* BindingCanvasContext.cpp */,
				148428251A178B04003180D5 /* BindingCanvasContext.h */,
				148428351A199AD5003180D5 /* BindingCanvas.cpp */,
				148428361A199AD5003180D5 /* BindingCanvas.h */,
				148428381A199C6E003180D5 /* BindingCanvasStyle.cpp */,
				148428391A199C6E003180D5 /* BindingCanvasStyle.h */,
			);
			name = Canvas;
			sourceTree = "<group>";
		};
		1484282D1A187630003180D5 /* Utils */ = {
			isa = PBXGroup;
			children = (
				1484282E1A187644003180D5 /* OperationQueue.cpp */,
				1484282F1A187644003180D5 /* OperationQueue.h */,
				14FC6ED51A1E0D3A004B21FF /* UtilFunctions.h */,
				141F1C271A26A8B300B34F42 /* Color.h */,
				141F1C281A26AC6F00B34F42 /* Color.cpp */,
			);
			name = Utils;
			path = ../src/Utils;
			sourceTree = "<group>";
		};
		19C28FACFE9D520D11CA2CBB /* Products */ = {
			isa = PBXGroup;
			children = (
				8D1107320486CEB800E47090 /* Mural.app */,
			);
			name = Products;
			sourceTree = "<group>";
		};
		29B97314FDCFA39411CA2CEA /* CinderCanvas */ = {
			isa = PBXGroup;
			children = (
				01B97315FEAEA392516A2CEA /* Blocks */,
				29B97315FDCFA39411CA2CEA /* Headers */,
				080E96DDFE201D6D7F000001 /* Source */,
				14B703761A1C52A600A2C9C8 /* assets */,
				29B97317FDCFA39411CA2CEA /* Resources */,
				29B97323FDCFA39411CA2CEA /* Frameworks */,
				19C28FACFE9D520D11CA2CBB /* Products */,
			);
			name = CinderCanvas;
			sourceTree = "<group>";
		};
		29B97315FDCFA39411CA2CEA /* Headers */ = {
			isa = PBXGroup;
			children = (
				F949B68983BA463990A32D28 /* Resources.h */,
				83C84EFE62E144D498F8BCF0 /* Mural_Prefix.pch */,
			);
			name = Headers;
			sourceTree = "<group>";
		};
		29B97317FDCFA39411CA2CEA /* Resources */ = {
			isa = PBXGroup;
			children = (
				D3DF879870F349C2A32E127F /* CinderApp.icns */,
				0E7778188AC649DC99906A3C /* Info.plist */,
			);
			name = Resources;
			sourceTree = "<group>";
		};
		29B97323FDCFA39411CA2CEA /* Frameworks */ = {
			isa = PBXGroup;
			children = (
				1058C7A0FEA54F0111CA2CBB /* Linked Frameworks */,
				1058C7A2FEA54F0111CA2CBB /* Other Frameworks */,
			);
			name = Frameworks;
			sourceTree = "<group>";
		};
/* End PBXGroup section */

/* Begin PBXNativeTarget section */
		8D1107260486CEB800E47090 /* Mural */ = {
			isa = PBXNativeTarget;
			buildConfigurationList = C01FCF4A08A954540054247B /* Build configuration list for PBXNativeTarget "Mural" */;
			buildPhases = (
				8D1107290486CEB800E47090 /* Resources */,
				8D11072C0486CEB800E47090 /* Sources */,
				8D11072E0486CEB800E47090 /* Frameworks */,
			);
			buildRules = (
			);
			dependencies = (
			);
			name = Mural;
			productInstallPath = "$(HOME)/Applications";
			productName = CinderCanvas;
			productReference = 8D1107320486CEB800E47090 /* Mural.app */;
			productType = "com.apple.product-type.application";
		};
/* End PBXNativeTarget section */

/* Begin PBXProject section */
		29B97313FDCFA39411CA2CEA /* Project object */ = {
			isa = PBXProject;
			attributes = {
				LastUpgradeCheck = 0610;
			};
			buildConfigurationList = C01FCF4E08A954540054247B /* Build configuration list for PBXProject "Mural" */;
			compatibilityVersion = "Xcode 3.2";
			developmentRegion = English;
			hasScannedForEncodings = 1;
			knownRegions = (
				English,
				Japanese,
				French,
				German,
			);
			mainGroup = 29B97314FDCFA39411CA2CEA /* CinderCanvas */;
			projectDirPath = "";
			projectRoot = "";
			targets = (
				8D1107260486CEB800E47090 /* Mural */,
			);
		};
/* End PBXProject section */

/* Begin PBXResourcesBuildPhase section */
		8D1107290486CEB800E47090 /* Resources */ = {
			isa = PBXResourcesBuildPhase;
			buildActionMask = 2147483647;
			files = (
				AF3C680FFEC842D2BDA578DC /* CinderApp.icns in Resources */,
				14B703771A1C52A600A2C9C8 /* assets in Resources */,
			);
			runOnlyForDeploymentPostprocessing = 0;
		};
/* End PBXResourcesBuildPhase section */

/* Begin PBXSourcesBuildPhase section */
		8D11072C0486CEB800E47090 /* Sources */ = {
			isa = PBXSourcesBuildPhase;
			buildActionMask = 2147483647;
			files = (
				148428201A1778CD003180D5 /* AssetManager.cpp in Sources */,
				14390A601A0F081800A8008D /* duktape.c in Sources */,
				14390A4B1A0EF67600A8008D /* AppViewController.cpp in Sources */,
				148428301A187644003180D5 /* OperationQueue.cpp in Sources */,
				14390A611A0F081800A8008D /* JavaScript.cpp in Sources */,
				148428371A199AD5003180D5 /* BindingCanvas.cpp in Sources */,
				14B2CD431A11C0A800778064 /* CanvasContext.cpp in Sources */,
				141F1C291A26AC6F00B34F42 /* Color.cpp in Sources */,
				148428261A178B04003180D5 /* BindingCanvasContext.cpp in Sources */,
				1484282B1A186340003180D5 /* Image.cpp in Sources */,
				148428331A187C8A003180D5 /* BindingImage.cpp in Sources */,
				14390A4E1A0EF6AF00A8008D /* JavaScriptView.cpp in Sources */,
				1484283A1A199C6E003180D5 /* BindingCanvasStyle.cpp in Sources */,
				C55B6F466378486C820D8FAA /* CinderCanvasApp.cpp in Sources */,
			);
			runOnlyForDeploymentPostprocessing = 0;
		};
/* End PBXSourcesBuildPhase section */

/* Begin XCBuildConfiguration section */
		C01FCF4B08A954540054247B /* Debug */ = {
			isa = XCBuildConfiguration;
			buildSettings = {
				CINDER_PATH = ../../../;
				COMBINE_HIDPI_IMAGES = YES;
				COPY_PHASE_STRIP = NO;
				DEAD_CODE_STRIPPING = YES;
				GCC_DYNAMIC_NO_PIC = NO;
				GCC_INLINES_ARE_PRIVATE_EXTERN = YES;
				GCC_OPTIMIZATION_LEVEL = 0;
				GCC_PRECOMPILE_PREFIX_HEADER = YES;
				GCC_PREFIX_HEADER = Mural_Prefix.pch;
				GCC_PREPROCESSOR_DEFINITIONS = (
					"DEBUG=1",
					"$(inherited)",
				);
				GCC_SYMBOLS_PRIVATE_EXTERN = NO;
				INFOPLIST_FILE = Info.plist;
				INSTALL_PATH = "$(HOME)/Applications";
				OTHER_LDFLAGS = "\"$(CINDER_PATH)/lib/libcinder_d.a\"";
				PRODUCT_NAME = Mural;
				SYMROOT = ./build;
				WRAPPER_EXTENSION = app;
			};
			name = Debug;
		};
		C01FCF4C08A954540054247B /* Release */ = {
			isa = XCBuildConfiguration;
			buildSettings = {
				CINDER_PATH = ../../../;
				COMBINE_HIDPI_IMAGES = YES;
				DEAD_CODE_STRIPPING = YES;
				DEBUG_INFORMATION_FORMAT = "dwarf-with-dsym";
				GCC_FAST_MATH = YES;
				GCC_GENERATE_DEBUGGING_SYMBOLS = NO;
				GCC_INLINES_ARE_PRIVATE_EXTERN = YES;
				GCC_OPTIMIZATION_LEVEL = 3;
				GCC_PRECOMPILE_PREFIX_HEADER = YES;
				GCC_PREFIX_HEADER = Mural_Prefix.pch;
				GCC_PREPROCESSOR_DEFINITIONS = (
					"NDEBUG=1",
					"$(inherited)",
				);
				GCC_SYMBOLS_PRIVATE_EXTERN = NO;
				INFOPLIST_FILE = Info.plist;
				INSTALL_PATH = "$(HOME)/Applications";
				OTHER_LDFLAGS = "\"$(CINDER_PATH)/lib/libcinder.a\"";
				PRODUCT_NAME = Mural;
				STRIP_INSTALLED_PRODUCT = YES;
				SYMROOT = ./build;
				WRAPPER_EXTENSION = app;
			};
			name = Release;
		};
		C01FCF4F08A954540054247B /* Debug */ = {
			isa = XCBuildConfiguration;
			buildSettings = {
				ALWAYS_SEARCH_USER_PATHS = NO;
				CINDER_PATH = ../../../../Frameworks/cc/cinder/cinder_0.8.6_mac;
				CLANG_CXX_LANGUAGE_STANDARD = "c++0x";
				CLANG_CXX_LIBRARY = "libc++";
				GCC_WARN_ABOUT_RETURN_TYPE = YES;
				GCC_WARN_UNUSED_VARIABLE = YES;
				HEADER_SEARCH_PATHS = "\"$(CINDER_PATH)/boost\"";
				MACOSX_DEPLOYMENT_TARGET = 10.7;
				ONLY_ACTIVE_ARCH = YES;
				SDKROOT = macosx;
				USER_HEADER_SEARCH_PATHS = "\"$(CINDER_PATH)/include\" ../include";
			};
			name = Debug;
		};
		C01FCF5008A954540054247B /* Release */ = {
			isa = XCBuildConfiguration;
			buildSettings = {
				ALWAYS_SEARCH_USER_PATHS = NO;
				CINDER_PATH = ../../../../Frameworks/cc/cinder/cinder_0.8.6_mac;
				CLANG_CXX_LANGUAGE_STANDARD = "c++0x";
				CLANG_CXX_LIBRARY = "libc++";
				GCC_WARN_ABOUT_RETURN_TYPE = YES;
				GCC_WARN_UNUSED_VARIABLE = YES;
				HEADER_SEARCH_PATHS = "\"$(CINDER_PATH)/boost\"";
				MACOSX_DEPLOYMENT_TARGET = 10.7;
				SDKROOT = macosx;
				USER_HEADER_SEARCH_PATHS = "\"$(CINDER_PATH)/include\" ../include";
			};
			name = Release;
		};
/* End XCBuildConfiguration section */

/* Begin XCConfigurationList section */
		C01FCF4A08A954540054247B /* Build configuration list for PBXNativeTarget "Mural" */ = {
			isa = XCConfigurationList;
			buildConfigurations = (
				C01FCF4B08A954540054247B /* Debug */,
				C01FCF4C08A954540054247B /* Release */,
			);
			defaultConfigurationIsVisible = 0;
			defaultConfigurationName = Release;
		};
		C01FCF4E08A954540054247B /* Build configuration list for PBXProject "Mural" */ = {
			isa = XCConfigurationList;
			buildConfigurations = (
				C01FCF4F08A954540054247B /* Debug */,
				C01FCF5008A954540054247B /* Release */,
			);
			defaultConfigurationIsVisible = 0;
			defaultConfigurationName = Release;
		};
/* End XCConfigurationList section */
	};
	rootObject = 29B97313FDCFA39411CA2CEA /* Project object */;
}
